
Microsoft Visual Studio Solution File, Format Version 12.00
# Visual Studio Version 16
VisualStudioVersion = 16.0.31005.135
MinimumVisualStudioVersion = 10.0.40219.1
Project("{9A19103F-16F7-4668-BE54-9A1E7A4F7556}") = "TellDontAskKata.Test.UseCase", "TellDontAskKata.Test.UseCase\TellDontAskKata.Test.UseCase.csproj", "{F764494E-8AF0-4E9B-AA87-B0A25C64D773}"
EndProject
Project("{9A19103F-16F7-4668-BE54-9A1E7A4F7556}") = "TellDontAskKata.Domain", "TellDontAskKata.Domain\TellDontAskKata.Domain.csproj", "{4E4572D7-DE8B-4E5A-A53A-56BF28BA98DB}"
EndProject
Project("{FAE04EC0-301F-11D3-BF4B-00C04F79EFBC}") = "TellDontAskKata.Repository", "TellDontAskKata.Repository\TellDontAskKata.Repository.csproj", "{71C0EC02-4295-4711-8C0F-E6C9A8751B8A}"
EndProject
Project("{FAE04EC0-301F-11D3-BF4B-00C04F79EFBC}") = "TellDontAskKata.Service", "TellDontAskKata.Service\TellDontAskKata.Service.csproj", "{EBFDB568-3249-481A-A4B5-F950AFFD9BAA}"
EndProject
Project("{FAE04EC0-301F-11D3-BF4B-00C04F79EFBC}") = "TellDontAskKata.UseCase", "TellDontAskKata.UseCase\TellDontAskKata.UseCase.csproj", "{DAD25E7D-578E-46E2-A7A7-B689706488A0}"
EndProject
Project("{FAE04EC0-301F-11D3-BF4B-00C04F79EFBC}") = "TellDontAskKata.Test.Doubles", "TellDontAskKata.Test.Doubles\TellDontAskKata.Test.Doubles.csproj", "{F2279639-B538-4A5D-B03C-55420570C9C2}"
EndProject
Global
	GlobalSection(SolutionConfigurationPlatforms) = preSolution
		Debug|Any CPU = Debug|Any CPU
		Release|Any CPU = Release|Any CPU
	EndGlobalSection
	GlobalSection(ProjectConfigurationPlatforms) = postSolution
		{F764494E-8AF0-4E9B-AA87-B0A25C64D773}.Debug|Any CPU.ActiveCfg = Debug|Any CPU
		{F764494E-8AF0-4E9B-AA87-B0A25C64D773}.Debug|Any CPU.Build.0 = Debug|Any CPU
		{F764494E-8AF0-4E9B-AA87-B0A25C64D773}.Release|Any CPU.ActiveCfg = Release|Any CPU
		{F764494E-8AF0-4E9B-AA87-B0A25C64D773}.Release|Any CPU.Build.0 = Release|Any CPU
		{4E4572D7-DE8B-4E5A-A53A-56BF28BA98DB}.Debug|Any CPU.ActiveCfg = Debug|Any CPU
		{4E4572D7-DE8B-4E5A-A53A-56BF28BA98DB}.Debug|Any CPU.Build.0 = Debug|Any CPU
		{4E4572D7-DE8B-4E5A-A53A-56BF28BA98DB}.Release|Any CPU.ActiveCfg = Release|Any CPU
		{4E4572D7-DE8B-4E5A-A53A-56BF28BA98DB}.Release|Any CPU.Build.0 = Release|Any CPU
		{71C0EC02-4295-4711-8C0F-E6C9A8751B8A}.Debug|Any CPU.ActiveCfg = Debug|Any CPU
		{71C0EC02-4295-4711-8C0F-E6C9A8751B8A}.Debug|Any CPU.Build.0 = Debug|Any CPU
		{71C0EC02-4295-4711-8C0F-E6C9A8751B8A}.Release|Any CPU.ActiveCfg = Release|Any CPU
		{71C0EC02-4295-4711-8C0F-E6C9A8751B8A}.Release|Any CPU.Build.0 = Release|Any CPU
		{EBFDB568-3249-481A-A4B5-F950AFFD9BAA}.Debug|Any CPU.ActiveCfg = Debug|Any CPU
		{EBFDB568-3249-481A-A4B5-F950AFFD9BAA}.Debug|Any CPU.Build.0 = Debug|Any CPU
		{EBFDB568-3249-481A-A4B5-F950AFFD9BAA}.Release|Any CPU.ActiveCfg = Release|Any CPU
		{EBFDB568-3249-481A-A4B5-F950AFFD9BAA}.Release|Any CPU.Build.0 = Release|Any CPU
		{DAD25E7D-578E-46E2-A7A7-B689706488A0}.Debug|Any CPU.ActiveCfg = Debug|Any CPU
		{DAD25E7D-578E-46E2-A7A7-B689706488A0}.Debug|Any CPU.Build.0 = Debug|Any CPU
		{DAD25E7D-578E-46E2-A7A7-B689706488A0}.Release|Any CPU.ActiveCfg = Release|Any CPU
		{DAD25E7D-578E-46E2-A7A7-B689706488A0}.Release|Any CPU.Build.0 = Release|Any CPU
		{F2279639-B538-4A5D-B03C-55420570C9C2}.Debug|Any CPU.ActiveCfg = Debug|Any CPU
		{F2279639-B538-4A5D-B03C-55420570C9C2}.Debug|Any CPU.Build.0 = Debug|Any CPU
		{F2279639-B538-4A5D-B03C-55420570C9C2}.Release|Any CPU.ActiveCfg = Release|Any CPU
		{F2279639-B538-4A5D-B03C-55420570C9C2}.Release|Any CPU.Build.0 = Release|Any CPU
	EndGlobalSection
	GlobalSection(SolutionProperties) = preSolution
		HideSolutionNode = FALSE
	EndGlobalSection
	GlobalSection(ExtensibilityGlobals) = postSolution
		SolutionGuid = {10C6D349-B250-4BF0-A790-9657E8F080AE}
	EndGlobalSection
EndGlobal
